{
  "requires": true,
  "lockfileVersion": 1,
  "dependencies": {
    "papaparse": {
      "version": "5.3.0",
      "resolved": "https://registry.npmjs.org/papaparse/-/papaparse-5.3.0.tgz",
      "integrity": "sha512-Lb7jN/4bTpiuGPrYy4tkKoUS8sTki8zacB5ke1p5zolhcSE4TlWgrlsxjrDTbG/dFVh07ck7X36hUf/b5V68pg=="
    },
    "vue": {
      "version": "2.6.12",
      "resolved": "https://registry.npmjs.org/vue/-/vue-2.6.12.tgz",
      "integrity": "sha512-uhmLFETqPPNyuLLbsKz6ioJ4q7AZHzD8ZVFNATNyICSZouqP2Sz0rotWQC8UNBF6VGSCs5abnKJoStA6JbCbfg=="
    },
    "vue-papa-parse": {
      "version": "2.0.0",
      "resolved": "https://registry.npmjs.org/vue-papa-parse/-/vue-papa-parse-2.0.0.tgz",
      "integrity": "sha512-2Tn4C+enBTmg6Rh87ZQedzM/dGBm/cvwAa7Ct0yXwFBN4scd31Eybd4YOBrmTGg1Mid2maQ6Sh1PFitmCpvKQg==",
      "requires": {
        "papaparse": "^5.3.0",
        "vue": "^2.6.12"
      }
    }
  }
}
